
Microsoft Visual Studio Solution File, Format Version 12.00
# Visual Studio Version 17
VisualStudioVersion = 17.3.32929.385
MinimumVisualStudioVersion = 10.0.40219.1
Project("{FAE04EC0-301F-11D3-BF4B-00C04F79EFBC}") = "TH4_kenneith Wijaya", "TH4_kenneith Wijaya\TH4_kenneith Wijaya.csproj", "{5DAB4574-EF23-4697-9C85-F4E4ECB46BA1}"
EndProject
Global
	GlobalSection(SolutionConfigurationPlatforms) = preSolution
		Debug|Any CPU = Debug|Any CPU
		Release|Any CPU = Release|Any CPU
	EndGlobalSection
	GlobalSection(ProjectConfigurationPlatforms) = postSolution
		{5DAB4574-EF23-4697-9C85-F4E4ECB46BA1}.Debug|Any CPU.ActiveCfg = Debug|Any CPU
		{5DAB4574-EF23-4697-9C85-F4E4ECB46BA1}.Debug|Any CPU.Build.0 = Debug|Any CPU
		{5DAB4574-EF23-4697-9C85-F4E4ECB46BA1}.Release|Any CPU.ActiveCfg = Release|Any CPU
		{5DAB4574-EF23-4697-9C85-F4E4ECB46BA1}.Release|Any CPU.Build.0 = Release|Any CPU
	EndGlobalSection
	GlobalSection(SolutionProperties) = preSolution
		HideSolutionNode = FALSE
	EndGlobalSection
	GlobalSection(ExtensibilityGlobals) = postSolution
		SolutionGuid = {3422C749-9E4B-4C2C-BCE4-CACFCCA22378}
	EndGlobalSection
EndGlobal
